
Microsoft Visual Studio Solution File, Format Version 12.00
# Visual Studio Version 17
VisualStudioVersion = 17.11.35222.181
MinimumVisualStudioVersion = 10.0.40219.1
Project("{FAE04EC0-301F-11D3-BF4B-00C04F79EFBC}") = "LR1", "LR1.csproj", "{9772AA17-56B6-43F0-AE88-EF11EC38EF02}"
EndProject
Global
	GlobalSection(SolutionConfigurationPlatforms) = preSolution
		Debug|Any CPU = Debug|Any CPU
		Release|Any CPU = Release|Any CPU
	EndGlobalSection
	GlobalSection(ProjectConfigurationPlatforms) = postSolution
		{9772AA17-56B6-43F0-AE88-EF11EC38EF02}.Debug|Any CPU.ActiveCfg = Debug|Any CPU
		{9772AA17-56B6-43F0-AE88-EF11EC38EF02}.Debug|Any CPU.Build.0 = Debug|Any CPU
		{9772AA17-56B6-43F0-AE88-EF11EC38EF02}.Release|Any CPU.ActiveCfg = Release|Any CPU
		{9772AA17-56B6-43F0-AE88-EF11EC38EF02}.Release|Any CPU.Build.0 = Release|Any CPU
	EndGlobalSection
	GlobalSection(SolutionProperties) = preSolution
		HideSolutionNode = FALSE
	EndGlobalSection
	GlobalSection(ExtensibilityGlobals) = postSolution
		SolutionGuid = {367C51D1-574C-4E89-97A4-4DE24B09A31E}
	EndGlobalSection
EndGlobal
